github.com/CaiJimmy/hugo-theme-stack/v3 v3.26.0 h1:kLZSTvo+E3S2YWw59DjXWtKLNbw3JaL7Z+VAjcegqa0=
github.com/CaiJimmy/hugo-theme-stack/v3 v3.26.0/go.mod h1:IPmCXiIxlFSLFYS0tOmYP6ySLviyeNVSabyvSuaxD+I=
github.com/eoinli/hugo-notice v0.0.0-20240601120848-5e38c2d7f179 h1:prXdtH2zr7NAzp1KHb/0muhcWbUTnfS+agsdYIuiJ9I=
github.com/eoinli/hugo-notice v0.0.0-20240601120848-5e38c2d7f179/go.mod h1:9aFNrA7MfyHtwpwqlP7cgnz0tz1t/YDkvxOSajnEFe8=
