github.com/CaiJimmy/hugo-theme-stack/v3 v3.26.0 h1:kLZSTvo+E3S2YWw59DjXWtKLNbw3JaL7Z+VAjcegqa0=
github.com/CaiJimmy/hugo-theme-stack/v3 v3.26.0/go.mod h1:IPmCXiIxlFSLFYS0tOmYP6ySLviyeNVSabyvSuaxD+I=
github.com/eoinli/hugo-notice v0.0.0-20240511182152-5a2237f73e91 h1:8ISzZEeJ24lWpTeqkHtDb5HZ+AdmEy1x99HPvG+EtTU=
github.com/eoinli/hugo-notice v0.0.0-20240511182152-5a2237f73e91/go.mod h1:9aFNrA7MfyHtwpwqlP7cgnz0tz1t/YDkvxOSajnEFe8=
